{
  "name": "atomic",
  "lockfileVersion": 3,
  "requires": true,
  "packages": {
    "": {
      "dependencies": {
        "atomic-css": "^1.0.0"
      }
    },
    "node_modules/atomic-css": {
      "version": "1.0.0",
      "resolved": "https://registry.npmjs.org/atomic-css/-/atomic-css-1.0.0.tgz",
      "integrity": "sha512-/KibZLykYsSUvMUsZUjg4sCxPBPyK2kfSJNiYUs0zbdyfhWK7czo3Mc8Ix64PTJY6/f4N04UYVzDMGV9S4x0tw=="
    }
  }
}
